
Microsoft Visual Studio Solution File, Format Version 12.00
# Visual Studio Version 17
VisualStudioVersion = 17.1.32210.238
MinimumVisualStudioVersion = 10.0.40219.1
Project("{FAE04EC0-301F-11D3-BF4B-00C04F79EFBC}") = "Moonbase Alpha I", "Moonbase Alpha I\Moonbase Alpha I.csproj", "{ED747294-714B-44F2-9ED7-A37D9D84DE1A}"
EndProject
Global
	GlobalSection(SolutionConfigurationPlatforms) = preSolution
		Debug|Any CPU = Debug|Any CPU
		Release|Any CPU = Release|Any CPU
	EndGlobalSection
	GlobalSection(ProjectConfigurationPlatforms) = postSolution
		{ED747294-714B-44F2-9ED7-A37D9D84DE1A}.Debug|Any CPU.ActiveCfg = Debug|Any CPU
		{ED747294-714B-44F2-9ED7-A37D9D84DE1A}.Debug|Any CPU.Build.0 = Debug|Any CPU
		{ED747294-714B-44F2-9ED7-A37D9D84DE1A}.Release|Any CPU.ActiveCfg = Release|Any CPU
		{ED747294-714B-44F2-9ED7-A37D9D84DE1A}.Release|Any CPU.Build.0 = Release|Any CPU
	EndGlobalSection
	GlobalSection(SolutionProperties) = preSolution
		HideSolutionNode = FALSE
	EndGlobalSection
	GlobalSection(ExtensibilityGlobals) = postSolution
		SolutionGuid = {2310788C-B428-4BDB-AD8D-407157F6B968}
	EndGlobalSection
EndGlobal
